
Microsoft Visual Studio Solution File, Format Version 12.00
# Visual Studio 15
VisualStudioVersion = 15.0.28307.852
MinimumVisualStudioVersion = 10.0.40219.1
Project("{FAE04EC0-301F-11D3-BF4B-00C04F79EFBC}") = "TheGame", "TheGame\TheGame.csproj", "{F86146C4-B5CE-434E-AB39-4433A0E7C940}"
EndProject
Global
	GlobalSection(SolutionConfigurationPlatforms) = preSolution
		Debug|Any CPU = Debug|Any CPU
		Release|Any CPU = Release|Any CPU
	EndGlobalSection
	GlobalSection(ProjectConfigurationPlatforms) = postSolution
		{F86146C4-B5CE-434E-AB39-4433A0E7C940}.Debug|Any CPU.ActiveCfg = Debug|Any CPU
		{F86146C4-B5CE-434E-AB39-4433A0E7C940}.Debug|Any CPU.Build.0 = Debug|Any CPU
		{F86146C4-B5CE-434E-AB39-4433A0E7C940}.Release|Any CPU.ActiveCfg = Release|Any CPU
		{F86146C4-B5CE-434E-AB39-4433A0E7C940}.Release|Any CPU.Build.0 = Release|Any CPU
	EndGlobalSection
	GlobalSection(SolutionProperties) = preSolution
		HideSolutionNode = FALSE
	EndGlobalSection
	GlobalSection(ExtensibilityGlobals) = postSolution
		SolutionGuid = {B471F880-795E-4A1F-AFC6-2DAB55778B1F}
	EndGlobalSection
EndGlobal
